
Microsoft Visual Studio Solution File, Format Version 12.00
# Visual Studio Version 16
VisualStudioVersion = 16.0.28803.202
MinimumVisualStudioVersion = 10.0.40219.1
Project("{FAE04EC0-301F-11D3-BF4B-00C04F79EFBC}") = "ETStore", "ETStore\ETStore.csproj", "{BC8B8E84-F0B1-4844-AC5C-8E8069F66DED}"
EndProject
Global
	GlobalSection(SolutionConfigurationPlatforms) = preSolution
		Debug|Any CPU = Debug|Any CPU
		Release|Any CPU = Release|Any CPU
	EndGlobalSection
	GlobalSection(ProjectConfigurationPlatforms) = postSolution
		{BC8B8E84-F0B1-4844-AC5C-8E8069F66DED}.Debug|Any CPU.ActiveCfg = Debug|Any CPU
		{BC8B8E84-F0B1-4844-AC5C-8E8069F66DED}.Debug|Any CPU.Build.0 = Debug|Any CPU
		{BC8B8E84-F0B1-4844-AC5C-8E8069F66DED}.Release|Any CPU.ActiveCfg = Release|Any CPU
		{BC8B8E84-F0B1-4844-AC5C-8E8069F66DED}.Release|Any CPU.Build.0 = Release|Any CPU
	EndGlobalSection
	GlobalSection(SolutionProperties) = preSolution
		HideSolutionNode = FALSE
	EndGlobalSection
	GlobalSection(ExtensibilityGlobals) = postSolution
		SolutionGuid = {6C778357-FFE3-4CC6-8652-D2D10EF9075D}
	EndGlobalSection
EndGlobal
